
Microsoft Visual Studio Solution File, Format Version 12.00
# Visual Studio Version 17
VisualStudioVersion = 17.13.35828.75 d17.13
MinimumVisualStudioVersion = 10.0.40219.1
Project("{FAE04EC0-301F-11D3-BF4B-00C04F79EFBC}") = "Deeplinks.Help.Api", "src/backend/Deeplinks.Help.Api/Deeplinks.Help.Api.csproj", "{C67E7CA5-5C22-49EC-B1C3-4B435DDEEEBC}"
EndProject
Global
	GlobalSection(SolutionConfigurationPlatforms) = preSolution
		Debug|Any CPU = Debug|Any CPU
		Release|Any CPU = Release|Any CPU
	EndGlobalSection
	GlobalSection(ProjectConfigurationPlatforms) = postSolution
		{C67E7CA5-5C22-49EC-B1C3-4B435DDEEEBC}.Debug|Any CPU.ActiveCfg = Debug|Any CPU
		{C67E7CA5-5C22-49EC-B1C3-4B435DDEEEBC}.Debug|Any CPU.Build.0 = Debug|Any CPU
		{C67E7CA5-5C22-49EC-B1C3-4B435DDEEEBC}.Release|Any CPU.ActiveCfg = Release|Any CPU
		{C67E7CA5-5C22-49EC-B1C3-4B435DDEEEBC}.Release|Any CPU.Build.0 = Release|Any CPU
	EndGlobalSection
	GlobalSection(SolutionProperties) = preSolution
		HideSolutionNode = FALSE
	EndGlobalSection
	GlobalSection(ExtensibilityGlobals) = postSolution
		SolutionGuid = {4E46ED62-9779-448B-AC06-C77EB9AC408D}
	EndGlobalSection
EndGlobal
